
Microsoft Visual Studio Solution File, Format Version 12.00
# Visual Studio 15
VisualStudioVersion = 15.0.28307.271
MinimumVisualStudioVersion = 10.0.40219.1
Project("{FAE04EC0-301F-11D3-BF4B-00C04F79EFBC}") = "LinqExample.Web", "LinqExample.Web\LinqExample.Web.csproj", "{CDD11B57-2EF4-4A58-9D86-F73E54AC5DF6}"
EndProject
Global
	GlobalSection(SolutionConfigurationPlatforms) = preSolution
		Debug|Any CPU = Debug|Any CPU
		Release|Any CPU = Release|Any CPU
	EndGlobalSection
	GlobalSection(ProjectConfigurationPlatforms) = postSolution
		{CDD11B57-2EF4-4A58-9D86-F73E54AC5DF6}.Debug|Any CPU.ActiveCfg = Debug|Any CPU
		{CDD11B57-2EF4-4A58-9D86-F73E54AC5DF6}.Debug|Any CPU.Build.0 = Debug|Any CPU
		{CDD11B57-2EF4-4A58-9D86-F73E54AC5DF6}.Release|Any CPU.ActiveCfg = Release|Any CPU
		{CDD11B57-2EF4-4A58-9D86-F73E54AC5DF6}.Release|Any CPU.Build.0 = Release|Any CPU
	EndGlobalSection
	GlobalSection(SolutionProperties) = preSolution
		HideSolutionNode = FALSE
	EndGlobalSection
	GlobalSection(ExtensibilityGlobals) = postSolution
		SolutionGuid = {570F26C1-08A0-499A-8898-5DC17C95EE31}
	EndGlobalSection
EndGlobal
